
Microsoft Visual Studio Solution File, Format Version 12.00
# Visual Studio 15
VisualStudioVersion = 15.0.27703.2026
MinimumVisualStudioVersion = 10.0.40219.1
Project("{FAE04EC0-301F-11D3-BF4B-00C04F79EFBC}") = "RomanConverter", "RomanConverter\RomanConverter.csproj", "{3129A86E-E60A-488D-B776-7A960A74CD5D}"
EndProject
Project("{FAE04EC0-301F-11D3-BF4B-00C04F79EFBC}") = "RomanConverterTest", "RomanConverterTest\RomanConverterTest.csproj", "{CD1285F9-FE98-4A42-9690-6D7920A8C082}"
EndProject
Global
	GlobalSection(SolutionConfigurationPlatforms) = preSolution
		Debug|Any CPU = Debug|Any CPU
		Release|Any CPU = Release|Any CPU
	EndGlobalSection
	GlobalSection(ProjectConfigurationPlatforms) = postSolution
		{3129A86E-E60A-488D-B776-7A960A74CD5D}.Debug|Any CPU.ActiveCfg = Debug|Any CPU
		{3129A86E-E60A-488D-B776-7A960A74CD5D}.Debug|Any CPU.Build.0 = Debug|Any CPU
		{3129A86E-E60A-488D-B776-7A960A74CD5D}.Release|Any CPU.ActiveCfg = Release|Any CPU
		{3129A86E-E60A-488D-B776-7A960A74CD5D}.Release|Any CPU.Build.0 = Release|Any CPU
		{CD1285F9-FE98-4A42-9690-6D7920A8C082}.Debug|Any CPU.ActiveCfg = Debug|Any CPU
		{CD1285F9-FE98-4A42-9690-6D7920A8C082}.Debug|Any CPU.Build.0 = Debug|Any CPU
		{CD1285F9-FE98-4A42-9690-6D7920A8C082}.Release|Any CPU.ActiveCfg = Release|Any CPU
		{CD1285F9-FE98-4A42-9690-6D7920A8C082}.Release|Any CPU.Build.0 = Release|Any CPU
	EndGlobalSection
	GlobalSection(SolutionProperties) = preSolution
		HideSolutionNode = FALSE
	EndGlobalSection
	GlobalSection(ExtensibilityGlobals) = postSolution
		SolutionGuid = {1DD4F845-5CE3-46C0-AE18-2402B012B9B7}
	EndGlobalSection
EndGlobal
