
Microsoft Visual Studio Solution File, Format Version 12.00
# Visual Studio Version 17
VisualStudioVersion = 17.1.32414.318
MinimumVisualStudioVersion = 10.0.40219.1
Project("{FAE04EC0-301F-11D3-BF4B-00C04F79EFBC}") = "RomanConverter", "RomanConverter\RomanConverter.csproj", "{437C315B-AC5B-45CA-8156-F9A0D5FDD382}"
EndProject
Project("{FAE04EC0-301F-11D3-BF4B-00C04F79EFBC}") = "RomanConverter.Tests.Unit", "RomanConverter.Tests.Unit\RomanConverter.Tests.Unit.csproj", "{ECCBE7E4-1AD0-4F79-810C-5430A0DCFF0E}"
EndProject
Global
	GlobalSection(SolutionConfigurationPlatforms) = preSolution
		Debug|Any CPU = Debug|Any CPU
		Release|Any CPU = Release|Any CPU
	EndGlobalSection
	GlobalSection(ProjectConfigurationPlatforms) = postSolution
		{437C315B-AC5B-45CA-8156-F9A0D5FDD382}.Debug|Any CPU.ActiveCfg = Debug|Any CPU
		{437C315B-AC5B-45CA-8156-F9A0D5FDD382}.Debug|Any CPU.Build.0 = Debug|Any CPU
		{437C315B-AC5B-45CA-8156-F9A0D5FDD382}.Release|Any CPU.ActiveCfg = Release|Any CPU
		{437C315B-AC5B-45CA-8156-F9A0D5FDD382}.Release|Any CPU.Build.0 = Release|Any CPU
		{ECCBE7E4-1AD0-4F79-810C-5430A0DCFF0E}.Debug|Any CPU.ActiveCfg = Debug|Any CPU
		{ECCBE7E4-1AD0-4F79-810C-5430A0DCFF0E}.Debug|Any CPU.Build.0 = Debug|Any CPU
		{ECCBE7E4-1AD0-4F79-810C-5430A0DCFF0E}.Release|Any CPU.ActiveCfg = Release|Any CPU
		{ECCBE7E4-1AD0-4F79-810C-5430A0DCFF0E}.Release|Any CPU.Build.0 = Release|Any CPU
	EndGlobalSection
	GlobalSection(SolutionProperties) = preSolution
		HideSolutionNode = FALSE
	EndGlobalSection
	GlobalSection(ExtensibilityGlobals) = postSolution
		SolutionGuid = {523C0B5E-D308-4A55-901B-4B3B46A59F2E}
	EndGlobalSection
EndGlobal
